{
  "name": "@rello-platform/precedence-authority",
  "version": "0.1.1",
  "lockfileVersion": 3,
  "requires": true,
  "packages": {
    "": {
      "name": "@rello-platform/precedence-authority",
      "version": "0.1.1",
      "license": "UNLICENSED",
      "dependencies": {
        "@rello-platform/nurture-goals": "github:rello-platform/nurture-goals#v0.3.0",
        "@rello-platform/signals": "github:rello-platform/signals#v0.2.0"
      },
      "devDependencies": {
        "@types/node": "^22.10.0",
        "typescript": "^5.4.0"
      }
    },
    "node_modules/@rello-platform/nurture-goals": {
      "version": "0.3.0",
      "resolved": "git+ssh://git@github.com/rello-platform/nurture-goals.git#1611dd96cfb64d5500a40350a2d1176b2777f8b9",
      "license": "UNLICENSED"
    },
    "node_modules/@rello-platform/signals": {
      "version": "0.2.0",
      "resolved": "git+ssh://git@github.com/rello-platform/signals.git#8cb4cea922d7a4e5ab7efee8380eb865d426ae95",
      "license": "UNLICENSED",
      "dependencies": {
        "zod": "^4.3.6"
      }
    },
    "node_modules/@types/node": {
      "version": "22.19.19",
      "resolved": "https://registry.npmjs.org/@types/node/-/node-22.19.19.tgz",
      "integrity": "sha512-dyh/xO2Fh5bYrfWaaqGrRQQGkNdmYw6AmaAUvYeUMNTWQtvb796ikLdmTchRmOlOiIJ1TDXfWgVx1QkUlQ6Hew==",
      "dev": true,
      "license": "MIT",
      "dependencies": {
        "undici-types": "~6.21.0"
      }
    },
    "node_modules/typescript": {
      "version": "5.9.3",
      "resolved": "https://registry.npmjs.org/typescript/-/typescript-5.9.3.tgz",
      "integrity": "sha512-jl1vZzPDinLr9eUt3J/t7V6FgNEw9QjvBPdysz9KfQDD41fQrC2Y4vKQdiaUpFT4bXlb1RHhLpp8wtm6M5TgSw==",
      "dev": true,
      "license": "Apache-2.0",
      "bin": {
        "tsc": "bin/tsc",
        "tsserver": "bin/tsserver"
      },
      "engines": {
        "node": ">=14.17"
      }
    },
    "node_modules/undici-types": {
      "version": "6.21.0",
      "resolved": "https://registry.npmjs.org/undici-types/-/undici-types-6.21.0.tgz",
      "integrity": "sha512-iwDZqg0QAGrg9Rav5H4n0M64c3mkR59cJ6wQp+7C4nI0gsmExaedaYLNO44eT4AtBBwjbTiGPMlt2Md0T9H9JQ==",
      "dev": true,
      "license": "MIT"
    },
    "node_modules/zod": {
      "version": "4.4.3",
      "resolved": "https://registry.npmjs.org/zod/-/zod-4.4.3.tgz",
      "integrity": "sha512-ytENFjIJFl2UwYglde2jchW2Hwm4GJFLDiSXWdTrJQBIN9Fcyp7n4DhxJEiWNAJMV1/BqWfW/kkg71UDcHJyTQ==",
      "license": "MIT",
      "funding": {
        "url": "https://github.com/sponsors/colinhacks"
      }
    }
  }
}
